
Microsoft Visual Studio Solution File, Format Version 12.00
# Visual Studio 15
VisualStudioVersion = 15.0.28010.2016
MinimumVisualStudioVersion = 10.0.40219.1
Project("{8BC9CEB8-8B4A-11D0-8D11-00A0C91BC942}") = "DS_Implementation", "DS_Implementation\DS_Implementation.vcxproj", "{B6811795-4125-4AC9-BFCB-2F65CE61F78A}"
EndProject
Global
	GlobalSection(SolutionConfigurationPlatforms) = preSolution
		Debug|x64 = Debug|x64
		Debug|x86 = Debug|x86
		Release|x64 = Release|x64
		Release|x86 = Release|x86
	EndGlobalSection
	GlobalSection(ProjectConfigurationPlatforms) = postSolution
		{B6811795-4125-4AC9-BFCB-2F65CE61F78A}.Debug|x64.ActiveCfg = Debug|x64
		{B6811795-4125-4AC9-BFCB-2F65CE61F78A}.Debug|x64.Build.0 = Debug|x64
		{B6811795-4125-4AC9-BFCB-2F65CE61F78A}.Debug|x86.ActiveCfg = Debug|Win32
		{B6811795-4125-4AC9-BFCB-2F65CE61F78A}.Debug|x86.Build.0 = Debug|Win32
		{B6811795-4125-4AC9-BFCB-2F65CE61F78A}.Release|x64.ActiveCfg = Release|x64
		{B6811795-4125-4AC9-BFCB-2F65CE61F78A}.Release|x64.Build.0 = Release|x64
		{B6811795-4125-4AC9-BFCB-2F65CE61F78A}.Release|x86.ActiveCfg = Release|Win32
		{B6811795-4125-4AC9-BFCB-2F65CE61F78A}.Release|x86.Build.0 = Release|Win32
	EndGlobalSection
	GlobalSection(SolutionProperties) = preSolution
		HideSolutionNode = FALSE
	EndGlobalSection
	GlobalSection(ExtensibilityGlobals) = postSolution
		SolutionGuid = {53178E8C-1DB6-4EF5-9066-E094665F6E29}
	EndGlobalSection
EndGlobal
